
Microsoft Visual Studio Solution File, Format Version 11.00
# Visual C# Express 2010
Project("{FAE04EC0-301F-11D3-BF4B-00C04F79EFBC}") = "HW5", "HW5\HW5.csproj", "{9F10A0A3-450B-452C-B756-56431B76877B}"
EndProject
Project("{FAE04EC0-301F-11D3-BF4B-00C04F79EFBC}") = "HW5_1", "HW5_1\HW5_1.csproj", "{D6BB5FC4-684E-41E4-9EB9-03DFC1819AC3}"
EndProject
Project("{FAE04EC0-301F-11D3-BF4B-00C04F79EFBC}") = "HW5_2", "HW5_2\HW5_2.csproj", "{7E508931-639C-40B7-A761-B7868BC20DC5}"
EndProject
Global
	GlobalSection(SolutionConfigurationPlatforms) = preSolution
		Debug|x86 = Debug|x86
		Release|x86 = Release|x86
	EndGlobalSection
	GlobalSection(ProjectConfigurationPlatforms) = postSolution
		{9F10A0A3-450B-452C-B756-56431B76877B}.Debug|x86.ActiveCfg = Debug|x86
		{9F10A0A3-450B-452C-B756-56431B76877B}.Debug|x86.Build.0 = Debug|x86
		{9F10A0A3-450B-452C-B756-56431B76877B}.Release|x86.ActiveCfg = Release|x86
		{9F10A0A3-450B-452C-B756-56431B76877B}.Release|x86.Build.0 = Release|x86
		{D6BB5FC4-684E-41E4-9EB9-03DFC1819AC3}.Debug|x86.ActiveCfg = Debug|x86
		{D6BB5FC4-684E-41E4-9EB9-03DFC1819AC3}.Debug|x86.Build.0 = Debug|x86
		{D6BB5FC4-684E-41E4-9EB9-03DFC1819AC3}.Release|x86.ActiveCfg = Release|x86
		{D6BB5FC4-684E-41E4-9EB9-03DFC1819AC3}.Release|x86.Build.0 = Release|x86
		{7E508931-639C-40B7-A761-B7868BC20DC5}.Debug|x86.ActiveCfg = Debug|x86
		{7E508931-639C-40B7-A761-B7868BC20DC5}.Debug|x86.Build.0 = Debug|x86
		{7E508931-639C-40B7-A761-B7868BC20DC5}.Release|x86.ActiveCfg = Release|x86
		{7E508931-639C-40B7-A761-B7868BC20DC5}.Release|x86.Build.0 = Release|x86
	EndGlobalSection
	GlobalSection(SolutionProperties) = preSolution
		HideSolutionNode = FALSE
	EndGlobalSection
EndGlobal
