
Microsoft Visual Studio Solution File, Format Version 11.00
# Visual C# Express 2010
Project("{FAE04EC0-301F-11D3-BF4B-00C04F79EFBC}") = "HW3_01", "HW3\HW3_01.csproj", "{3D635A64-157A-4C70-A0A7-7539057CE6C7}"
EndProject
Project("{FAE04EC0-301F-11D3-BF4B-00C04F79EFBC}") = "PROBEN", "proben\PROBEN.csproj", "{E2E769A8-8B0A-4C0A-83E9-480B03389A80}"
EndProject
Project("{FAE04EC0-301F-11D3-BF4B-00C04F79EFBC}") = "HW3_02", "HW3_2\HW3_02.csproj", "{EF456CB5-535B-4D8A-B42C-4816CDC4063C}"
EndProject
Project("{FAE04EC0-301F-11D3-BF4B-00C04F79EFBC}") = "HW3_03", "HW3_3\HW3_03.csproj", "{E2E3BC3D-AF9E-4024-8C9F-0C1934258A7C}"
EndProject
Project("{FAE04EC0-301F-11D3-BF4B-00C04F79EFBC}") = "HW3_06", "HW3_6\HW3_06.csproj", "{AAF6D782-4730-40DC-8016-9038A1D98C1B}"
EndProject
Project("{FAE04EC0-301F-11D3-BF4B-00C04F79EFBC}") = "HW3_07", "HW3_7\HW3_07.csproj", "{B9A91010-86A8-4B01-BED3-C3BE74B0651E}"
EndProject
Project("{FAE04EC0-301F-11D3-BF4B-00C04F79EFBC}") = "HW3_08", "HW3_8\HW3_08.csproj", "{3424183E-E34D-4611-9393-DD59DD323786}"
EndProject
Project("{FAE04EC0-301F-11D3-BF4B-00C04F79EFBC}") = "HW3_09", "HW3_9\HW3_09.csproj", "{36CF4F0A-33D1-4FFA-BA12-AC3AACD7301A}"
EndProject
Project("{FAE04EC0-301F-11D3-BF4B-00C04F79EFBC}") = "HW3_17", "HW3_17\HW3_17.csproj", "{496CCAF3-6ECA-4F7B-B933-F93FDA9F0030}"
EndProject
Project("{FAE04EC0-301F-11D3-BF4B-00C04F79EFBC}") = "HW3_18", "HW3_18\HW3_18.csproj", "{6468BD9A-4860-4104-8C0F-7CA73BEE10C8}"
EndProject
Project("{FAE04EC0-301F-11D3-BF4B-00C04F79EFBC}") = "HW3_20", "HW3_20\HW3_20.csproj", "{5DBBD55E-F1C4-42E3-9D7C-DDC7D1221223}"
EndProject
Global
	GlobalSection(SolutionConfigurationPlatforms) = preSolution
		Debug|x86 = Debug|x86
		Release|x86 = Release|x86
	EndGlobalSection
	GlobalSection(ProjectConfigurationPlatforms) = postSolution
		{3D635A64-157A-4C70-A0A7-7539057CE6C7}.Debug|x86.ActiveCfg = Debug|x86
		{3D635A64-157A-4C70-A0A7-7539057CE6C7}.Debug|x86.Build.0 = Debug|x86
		{3D635A64-157A-4C70-A0A7-7539057CE6C7}.Release|x86.ActiveCfg = Release|x86
		{3D635A64-157A-4C70-A0A7-7539057CE6C7}.Release|x86.Build.0 = Release|x86
		{E2E769A8-8B0A-4C0A-83E9-480B03389A80}.Debug|x86.ActiveCfg = Debug|x86
		{E2E769A8-8B0A-4C0A-83E9-480B03389A80}.Debug|x86.Build.0 = Debug|x86
		{E2E769A8-8B0A-4C0A-83E9-480B03389A80}.Release|x86.ActiveCfg = Release|x86
		{E2E769A8-8B0A-4C0A-83E9-480B03389A80}.Release|x86.Build.0 = Release|x86
		{EF456CB5-535B-4D8A-B42C-4816CDC4063C}.Debug|x86.ActiveCfg = Debug|x86
		{EF456CB5-535B-4D8A-B42C-4816CDC4063C}.Debug|x86.Build.0 = Debug|x86
		{EF456CB5-535B-4D8A-B42C-4816CDC4063C}.Release|x86.ActiveCfg = Release|x86
		{EF456CB5-535B-4D8A-B42C-4816CDC4063C}.Release|x86.Build.0 = Release|x86
		{E2E3BC3D-AF9E-4024-8C9F-0C1934258A7C}.Debug|x86.ActiveCfg = Debug|x86
		{E2E3BC3D-AF9E-4024-8C9F-0C1934258A7C}.Debug|x86.Build.0 = Debug|x86
		{E2E3BC3D-AF9E-4024-8C9F-0C1934258A7C}.Release|x86.ActiveCfg = Release|x86
		{E2E3BC3D-AF9E-4024-8C9F-0C1934258A7C}.Release|x86.Build.0 = Release|x86
		{AAF6D782-4730-40DC-8016-9038A1D98C1B}.Debug|x86.ActiveCfg = Debug|x86
		{AAF6D782-4730-40DC-8016-9038A1D98C1B}.Debug|x86.Build.0 = Debug|x86
		{AAF6D782-4730-40DC-8016-9038A1D98C1B}.Release|x86.ActiveCfg = Release|x86
		{AAF6D782-4730-40DC-8016-9038A1D98C1B}.Release|x86.Build.0 = Release|x86
		{B9A91010-86A8-4B01-BED3-C3BE74B0651E}.Debug|x86.ActiveCfg = Debug|x86
		{B9A91010-86A8-4B01-BED3-C3BE74B0651E}.Debug|x86.Build.0 = Debug|x86
		{B9A91010-86A8-4B01-BED3-C3BE74B0651E}.Release|x86.ActiveCfg = Release|x86
		{B9A91010-86A8-4B01-BED3-C3BE74B0651E}.Release|x86.Build.0 = Release|x86
		{3424183E-E34D-4611-9393-DD59DD323786}.Debug|x86.ActiveCfg = Debug|x86
		{3424183E-E34D-4611-9393-DD59DD323786}.Debug|x86.Build.0 = Debug|x86
		{3424183E-E34D-4611-9393-DD59DD323786}.Release|x86.ActiveCfg = Release|x86
		{3424183E-E34D-4611-9393-DD59DD323786}.Release|x86.Build.0 = Release|x86
		{36CF4F0A-33D1-4FFA-BA12-AC3AACD7301A}.Debug|x86.ActiveCfg = Debug|x86
		{36CF4F0A-33D1-4FFA-BA12-AC3AACD7301A}.Debug|x86.Build.0 = Debug|x86
		{36CF4F0A-33D1-4FFA-BA12-AC3AACD7301A}.Release|x86.ActiveCfg = Release|x86
		{36CF4F0A-33D1-4FFA-BA12-AC3AACD7301A}.Release|x86.Build.0 = Release|x86
		{496CCAF3-6ECA-4F7B-B933-F93FDA9F0030}.Debug|x86.ActiveCfg = Debug|x86
		{496CCAF3-6ECA-4F7B-B933-F93FDA9F0030}.Debug|x86.Build.0 = Debug|x86
		{496CCAF3-6ECA-4F7B-B933-F93FDA9F0030}.Release|x86.ActiveCfg = Release|x86
		{496CCAF3-6ECA-4F7B-B933-F93FDA9F0030}.Release|x86.Build.0 = Release|x86
		{6468BD9A-4860-4104-8C0F-7CA73BEE10C8}.Debug|x86.ActiveCfg = Debug|x86
		{6468BD9A-4860-4104-8C0F-7CA73BEE10C8}.Debug|x86.Build.0 = Debug|x86
		{6468BD9A-4860-4104-8C0F-7CA73BEE10C8}.Release|x86.ActiveCfg = Release|x86
		{6468BD9A-4860-4104-8C0F-7CA73BEE10C8}.Release|x86.Build.0 = Release|x86
		{5DBBD55E-F1C4-42E3-9D7C-DDC7D1221223}.Debug|x86.ActiveCfg = Debug|x86
		{5DBBD55E-F1C4-42E3-9D7C-DDC7D1221223}.Debug|x86.Build.0 = Debug|x86
		{5DBBD55E-F1C4-42E3-9D7C-DDC7D1221223}.Release|x86.ActiveCfg = Release|x86
		{5DBBD55E-F1C4-42E3-9D7C-DDC7D1221223}.Release|x86.Build.0 = Release|x86
	EndGlobalSection
	GlobalSection(SolutionProperties) = preSolution
		HideSolutionNode = FALSE
	EndGlobalSection
EndGlobal
